// !$*UTF8*$!
{
	archiveVersion = 1;
	classes = {
	};
	objectVersion = 56;
	objects = {

/* Begin PBXBuildFile section */
		F468EB572C3F782C00BC9766 /* AppDelegate.swift in Sources */ = {isa = PBXBuildFile; fileRef = F468EB562C3F782C00BC9766 /* AppDelegate.swift */; };
		F468EB592C3F782C00BC9766 /* SceneDelegate.swift in Sources */ = {isa = PBXBuildFile; fileRef = F468EB582C3F782C00BC9766 /* SceneDelegate.swift */; };
		F468EB5B2C3F782C00BC9766 /* PhoneBookController.swift in Sources */ = {isa = PBXBuildFile; fileRef = F468EB5A2C3F782C00BC9766 /* PhoneBookController.swift */; };
		F468EB612C3F782C00BC9766 /* MyPhoneBook.xcdatamodeld in Sources */ = {isa = PBXBuildFile; fileRef = F468EB5F2C3F782C00BC9766 /* MyPhoneBook.xcdatamodeld */; };
		F468EB632C3F782F00BC9766 /* Assets.xcassets in Resources */ = {isa = PBXBuildFile; fileRef = F468EB622C3F782F00BC9766 /* Assets.xcassets */; };
		F468EB662C3F782F00BC9766 /* Base in Resources */ = {isa = PBXBuildFile; fileRef = F468EB652C3F782F00BC9766 /* Base */; };
		F468EB712C3F7C1200BC9766 /* PhoneBookView.swift in Sources */ = {isa = PBXBuildFile; fileRef = F468EB702C3F7C1200BC9766 /* PhoneBookView.swift */; };
		F468EB732C3F7CB000BC9766 /* PhoneBookTableViewCell.swift in Sources */ = {isa = PBXBuildFile; fileRef = F468EB722C3F7CB000BC9766 /* PhoneBookTableViewCell.swift */; };
		F468EB752C3F7CC800BC9766 /* NameSpace.swift in Sources */ = {isa = PBXBuildFile; fileRef = F468EB742C3F7CC800BC9766 /* NameSpace.swift */; };
		F468EB782C3F7D8800BC9766 /* SnapKit in Frameworks */ = {isa = PBXBuildFile; productRef = F468EB772C3F7D8800BC9766 /* SnapKit */; };
		F468EB7C2C3F99B300BC9766 /* AddNewNumController.swift in Sources */ = {isa = PBXBuildFile; fileRef = F468EB7B2C3F99B300BC9766 /* AddNewNumController.swift */; };
		F468EB7E2C3F99CB00BC9766 /* AddNewNumView.swift in Sources */ = {isa = PBXBuildFile; fileRef = F468EB7D2C3F99CB00BC9766 /* AddNewNumView.swift */; };
		F468EB802C3FA66900BC9766 /* PokemonData.swift in Sources */ = {isa = PBXBuildFile; fileRef = F468EB7F2C3FA66900BC9766 /* PokemonData.swift */; };
		F468EB832C3FB80A00BC9766 /* PhoneBook+CoreDataClass.swift in Sources */ = {isa = PBXBuildFile; fileRef = F468EB812C3FB80A00BC9766 /* PhoneBook+CoreDataClass.swift */; };
		F468EB842C3FB80A00BC9766 /* PhoneBook+CoreDataProperties.swift in Sources */ = {isa = PBXBuildFile; fileRef = F468EB822C3FB80A00BC9766 /* PhoneBook+CoreDataProperties.swift */; };
		F468EB862C3FB86700BC9766 /* CoreDataManager.swift in Sources */ = {isa = PBXBuildFile; fileRef = F468EB852C3FB86700BC9766 /* CoreDataManager.swift */; };
		F468EB892C44BCAF00BC9766 /* Alamofire in Frameworks */ = {isa = PBXBuildFile; productRef = F468EB882C44BCAF00BC9766 /* Alamofire */; };
		F468EB8F2C450F4900BC9766 /* RxSwift in Frameworks */ = {isa = PBXBuildFile; productRef = F468EB8E2C450F4900BC9766 /* RxSwift */; };
		F468EB912C450F4D00BC9766 /* RxCocoa in Frameworks */ = {isa = PBXBuildFile; productRef = F468EB902C450F4D00BC9766 /* RxCocoa */; };
/* End PBXBuildFile section */

/* Begin PBXFileReference section */
		F468EB532C3F782C00BC9766 /* MyPhoneBook.app */ = {isa = PBXFileReference; explicitFileType = wrapper.application; includeInIndex = 0; path = MyPhoneBook.app; sourceTree = BUILT_PRODUCTS_DIR; };
		F468EB562C3F782C00BC9766 /* AppDelegate.swift */ = {isa = PBXFileReference; lastKnownFileType = sourcecode.swift; path = AppDelegate.swift; sourceTree = "<group>"; };
		F468EB582C3F782C00BC9766 /* SceneDelegate.swift */ = {isa = PBXFileReference; lastKnownFileType = sourcecode.swift; path = SceneDelegate.swift; sourceTree = "<group>"; };
		F468EB5A2C3F782C00BC9766 /* PhoneBookController.swift */ = {isa = PBXFileReference; lastKnownFileType = sourcecode.swift; path = PhoneBookController.swift; sourceTree = "<group>"; };
		F468EB602C3F782C00BC9766 /* MyPhoneBook.xcdatamodel */ = {isa = PBXFileReference; lastKnownFileType = wrapper.xcdatamodel; path = MyPhoneBook.xcdatamodel; sourceTree = "<group>"; };
		F468EB622C3F782F00BC9766 /* Assets.xcassets */ = {isa = PBXFileReference; lastKnownFileType = folder.assetcatalog; path = Assets.xcassets; sourceTree = "<group>"; };
		F468EB652C3F782F00BC9766 /* Base */ = {isa = PBXFileReference; lastKnownFileType = file.storyboard; name = Base; path = Base.lproj/LaunchScreen.storyboard; sourceTree = "<group>"; };
		F468EB672C3F782F00BC9766 /* Info.plist */ = {isa = PBXFileReference; lastKnownFileType = text.plist.xml; path = Info.plist; sourceTree = "<group>"; };
		F468EB702C3F7C1200BC9766 /* PhoneBookView.swift */ = {isa = PBXFileReference; lastKnownFileType = sourcecode.swift; path = PhoneBookView.swift; sourceTree = "<group>"; };
		F468EB722C3F7CB000BC9766 /* PhoneBookTableViewCell.swift */ = {isa = PBXFileReference; lastKnownFileType = sourcecode.swift; path = PhoneBookTableViewCell.swift; sourceTree = "<group>"; };
		F468EB742C3F7CC800BC9766 /* NameSpace.swift */ = {isa = PBXFileReference; lastKnownFileType = sourcecode.swift; path = NameSpace.swift; sourceTree = "<group>"; };
		F468EB7B2C3F99B300BC9766 /* AddNewNumController.swift */ = {isa = PBXFileReference; lastKnownFileType = sourcecode.swift; path = AddNewNumController.swift; sourceTree = "<group>"; };
		F468EB7D2C3F99CB00BC9766 /* AddNewNumView.swift */ = {isa = PBXFileReference; lastKnownFileType = sourcecode.swift; path = AddNewNumView.swift; sourceTree = "<group>"; };
		F468EB7F2C3FA66900BC9766 /* PokemonData.swift */ = {isa = PBXFileReference; lastKnownFileType = sourcecode.swift; path = PokemonData.swift; sourceTree = "<group>"; };
		F468EB812C3FB80A00BC9766 /* PhoneBook+CoreDataClass.swift */ = {isa = PBXFileReference; lastKnownFileType = sourcecode.swift; path = "PhoneBook+CoreDataClass.swift"; sourceTree = "<group>"; };
		F468EB822C3FB80A00BC9766 /* PhoneBook+CoreDataProperties.swift */ = {isa = PBXFileReference; lastKnownFileType = sourcecode.swift; path = "PhoneBook+CoreDataProperties.swift"; sourceTree = "<group>"; };
		F468EB852C3FB86700BC9766 /* CoreDataManager.swift */ = {isa = PBXFileReference; lastKnownFileType = sourcecode.swift; path = CoreDataManager.swift; sourceTree = "<group>"; };
/* End PBXFileReference section */

/* Begin PBXFrameworksBuildPhase section */
		F468EB502C3F782C00BC9766 /* Frameworks */ = {
			isa = PBXFrameworksBuildPhase;
			buildActionMask = 2147483647;
			files = (
				F468EB8F2C450F4900BC9766 /* RxSwift in Frameworks */,
				F468EB782C3F7D8800BC9766 /* SnapKit in Frameworks */,
				F468EB912C450F4D00BC9766 /* RxCocoa in Frameworks */,
				F468EB892C44BCAF00BC9766 /* Alamofire in Frameworks */,
			);
			runOnlyForDeploymentPostprocessing = 0;
		};
/* End PBXFrameworksBuildPhase section */

/* Begin PBXGroup section */
		F468EB4A2C3F782C00BC9766 = {
			isa = PBXGroup;
			children = (
				F468EB552C3F782C00BC9766 /* MyPhoneBook */,
				F468EB542C3F782C00BC9766 /* Products */,
				F468EB8D2C450F4900BC9766 /* Frameworks */,
			);
			sourceTree = "<group>";
		};
		F468EB542C3F782C00BC9766 /* Products */ = {
			isa = PBXGroup;
			children = (
				F468EB532C3F782C00BC9766 /* MyPhoneBook.app */,
			);
			name = Products;
			sourceTree = "<group>";
		};
		F468EB552C3F782C00BC9766 /* MyPhoneBook */ = {
			isa = PBXGroup;
			children = (
				F468EB562C3F782C00BC9766 /* AppDelegate.swift */,
				F468EB582C3F782C00BC9766 /* SceneDelegate.swift */,
				F468EB742C3F7CC800BC9766 /* NameSpace.swift */,
				F468EB6F2C3F7BF500BC9766 /* View */,
				F468EB6E2C3F7BE900BC9766 /* Controller */,
				F468EB6D2C3F7BE000BC9766 /* Model */,
				F468EB622C3F782F00BC9766 /* Assets.xcassets */,
				F468EB642C3F782F00BC9766 /* LaunchScreen.storyboard */,
				F468EB672C3F782F00BC9766 /* Info.plist */,
				F468EB5F2C3F782C00BC9766 /* MyPhoneBook.xcdatamodeld */,
			);
			path = MyPhoneBook;
			sourceTree = "<group>";
		};
		F468EB6D2C3F7BE000BC9766 /* Model */ = {
			isa = PBXGroup;
			children = (
				F468EB812C3FB80A00BC9766 /* PhoneBook+CoreDataClass.swift */,
				F468EB822C3FB80A00BC9766 /* PhoneBook+CoreDataProperties.swift */,
				F468EB7F2C3FA66900BC9766 /* PokemonData.swift */,
				F468EB852C3FB86700BC9766 /* CoreDataManager.swift */,
			);
			path = Model;
			sourceTree = "<group>";
		};
		F468EB6E2C3F7BE900BC9766 /* Controller */ = {
			isa = PBXGroup;
			children = (
				F468EB5A2C3F782C00BC9766 /* PhoneBookController.swift */,
				F468EB7B2C3F99B300BC9766 /* AddNewNumController.swift */,
			);
			path = Controller;
			sourceTree = "<group>";
		};
		F468EB6F2C3F7BF500BC9766 /* View */ = {
			isa = PBXGroup;
			children = (
				F468EB702C3F7C1200BC9766 /* PhoneBookView.swift */,
				F468EB722C3F7CB000BC9766 /* PhoneBookTableViewCell.swift */,
				F468EB7D2C3F99CB00BC9766 /* AddNewNumView.swift */,
			);
			path = View;
			sourceTree = "<group>";
		};
		F468EB8D2C450F4900BC9766 /* Frameworks */ = {
			isa = PBXGroup;
			children = (
			);
			name = Frameworks;
			sourceTree = "<group>";
		};
/* End PBXGroup section */

/* Begin PBXNativeTarget section */
		F468EB522C3F782C00BC9766 /* MyPhoneBook */ = {
			isa = PBXNativeTarget;
			buildConfigurationList = F468EB6A2C3F782F00BC9766 /* Build configuration list for PBXNativeTarget "MyPhoneBook" */;
			buildPhases = (
				F468EB4F2C3F782C00BC9766 /* Sources */,
				F468EB502C3F782C00BC9766 /* Frameworks */,
				F468EB512C3F782C00BC9766 /* Resources */,
			);
			buildRules = (
			);
			dependencies = (
			);
			name = MyPhoneBook;
			packageProductDependencies = (
				F468EB772C3F7D8800BC9766 /* SnapKit */,
				F468EB882C44BCAF00BC9766 /* Alamofire */,
				F468EB8E2C450F4900BC9766 /* RxSwift */,
				F468EB902C450F4D00BC9766 /* RxCocoa */,
			);
			productName = MyPhoneBook;
			productReference = F468EB532C3F782C00BC9766 /* MyPhoneBook.app */;
			productType = "com.apple.product-type.application";
		};
/* End PBXNativeTarget section */

/* Begin PBXProject section */
		F468EB4B2C3F782C00BC9766 /* Project object */ = {
			isa = PBXProject;
			attributes = {
				BuildIndependentTargetsInParallel = 1;
				LastSwiftUpdateCheck = 1540;
				LastUpgradeCheck = 1540;
				TargetAttributes = {
					F468EB522C3F782C00BC9766 = {
						CreatedOnToolsVersion = 15.4;
					};
				};
			};
			buildConfigurationList = F468EB4E2C3F782C00BC9766 /* Build configuration list for PBXProject "MyPhoneBook" */;
			compatibilityVersion = "Xcode 14.0";
			developmentRegion = en;
			hasScannedForEncodings = 0;
			knownRegions = (
				en,
				Base,
			);
			mainGroup = F468EB4A2C3F782C00BC9766;
			packageReferences = (
				F468EB762C3F7D8800BC9766 /* XCRemoteSwiftPackageReference "SnapKit" */,
				F468EB872C44BCAE00BC9766 /* XCRemoteSwiftPackageReference "Alamofire" */,
				F468EB8C2C450EAF00BC9766 /* XCRemoteSwiftPackageReference "RxSwift" */,
			);
			productRefGroup = F468EB542C3F782C00BC9766 /* Products */;
			projectDirPath = "";
			projectRoot = "";
			targets = (
				F468EB522C3F782C00BC9766 /* MyPhoneBook */,
			);
		};
/* End PBXProject section */

/* Begin PBXResourcesBuildPhase section */
		F468EB512C3F782C00BC9766 /* Resources */ = {
			isa = PBXResourcesBuildPhase;
			buildActionMask = 2147483647;
			files = (
				F468EB632C3F782F00BC9766 /* Assets.xcassets in Resources */,
				F468EB662C3F782F00BC9766 /* Base in Resources */,
			);
			runOnlyForDeploymentPostprocessing = 0;
		};
/* End PBXResourcesBuildPhase section */

/* Begin PBXSourcesBuildPhase section */
		F468EB4F2C3F782C00BC9766 /* Sources */ = {
			isa = PBXSourcesBuildPhase;
			buildActionMask = 2147483647;
			files = (
				F468EB712C3F7C1200BC9766 /* PhoneBookView.swift in Sources */,
				F468EB5B2C3F782C00BC9766 /* PhoneBookController.swift in Sources */,
				F468EB572C3F782C00BC9766 /* AppDelegate.swift in Sources */,
				F468EB7C2C3F99B300BC9766 /* AddNewNumController.swift in Sources */,
				F468EB832C3FB80A00BC9766 /* PhoneBook+CoreDataClass.swift in Sources */,
				F468EB842C3FB80A00BC9766 /* PhoneBook+CoreDataProperties.swift in Sources */,
				F468EB732C3F7CB000BC9766 /* PhoneBookTableViewCell.swift in Sources */,
				F468EB862C3FB86700BC9766 /* CoreDataManager.swift in Sources */,
				F468EB752C3F7CC800BC9766 /* NameSpace.swift in Sources */,
				F468EB7E2C3F99CB00BC9766 /* AddNewNumView.swift in Sources */,
				F468EB592C3F782C00BC9766 /* SceneDelegate.swift in Sources */,
				F468EB612C3F782C00BC9766 /* MyPhoneBook.xcdatamodeld in Sources */,
				F468EB802C3FA66900BC9766 /* PokemonData.swift in Sources */,
			);
			runOnlyForDeploymentPostprocessing = 0;
		};
/* End PBXSourcesBuildPhase section */

/* Begin PBXVariantGroup section */
		F468EB642C3F782F00BC9766 /* LaunchScreen.storyboard */ = {
			isa = PBXVariantGroup;
			children = (
				F468EB652C3F782F00BC9766 /* Base */,
			);
			name = LaunchScreen.storyboard;
			sourceTree = "<group>";
		};
/* End PBXVariantGroup section */

/* Begin XCBuildConfiguration section */
		F468EB682C3F782F00BC9766 /* Debug */ = {
			isa = XCBuildConfiguration;
			buildSettings = {
				ALWAYS_SEARCH_USER_PATHS = NO;
				ASSETCATALOG_COMPILER_GENERATE_SWIFT_ASSET_SYMBOL_EXTENSIONS = YES;
				CLANG_ANALYZER_NONNULL = YES;
				CLANG_ANALYZER_NUMBER_OBJECT_CONVERSION = YES_AGGRESSIVE;
				CLANG_CXX_LANGUAGE_STANDARD = "gnu++20";
				CLANG_ENABLE_MODULES = YES;
				CLANG_ENABLE_OBJC_ARC = YES;
				CLANG_ENABLE_OBJC_WEAK = YES;
				CLANG_WARN_BLOCK_CAPTURE_AUTORELEASING = YES;
				CLANG_WARN_BOOL_CONVERSION = YES;
				CLANG_WARN_COMMA = YES;
				CLANG_WARN_CONSTANT_CONVERSION = YES;
				CLANG_WARN_DEPRECATED_OBJC_IMPLEMENTATIONS = YES;
				CLANG_WARN_DIRECT_OBJC_ISA_USAGE = YES_ERROR;
				CLANG_WARN_DOCUMENTATION_COMMENTS = YES;
				CLANG_WARN_EMPTY_BODY = YES;
				CLANG_WARN_ENUM_CONVERSION = YES;
				CLANG_WARN_INFINITE_RECURSION = YES;
				CLANG_WARN_INT_CONVERSION = YES;
				CLANG_WARN_NON_LITERAL_NULL_CONVERSION = YES;
				CLANG_WARN_OBJC_IMPLICIT_RETAIN_SELF = YES;
				CLANG_WARN_OBJC_LITERAL_CONVERSION = YES;
				CLANG_WARN_OBJC_ROOT_CLASS = YES_ERROR;
				CLANG_WARN_QUOTED_INCLUDE_IN_FRAMEWORK_HEADER = YES;
				CLANG_WARN_RANGE_LOOP_ANALYSIS = YES;
				CLANG_WARN_STRICT_PROTOTYPES = YES;
				CLANG_WARN_SUSPICIOUS_MOVE = YES;
				CLANG_WARN_UNGUARDED_AVAILABILITY = YES_AGGRESSIVE;
				CLANG_WARN_UNREACHABLE_CODE = YES;
				CLANG_WARN__DUPLICATE_METHOD_MATCH = YES;
				COPY_PHASE_STRIP = NO;
				DEBUG_INFORMATION_FORMAT = dwarf;
				ENABLE_STRICT_OBJC_MSGSEND = YES;
				ENABLE_TESTABILITY = YES;
				ENABLE_USER_SCRIPT_SANDBOXING = YES;
				GCC_C_LANGUAGE_STANDARD = gnu17;
				GCC_DYNAMIC_NO_PIC = NO;
				GCC_NO_COMMON_BLOCKS = YES;
				GCC_OPTIMIZATION_LEVEL = 0;
				GCC_PREPROCESSOR_DEFINITIONS = (
					"DEBUG=1",
					"$(inherited)",
				);
				GCC_WARN_64_TO_32_BIT_CONVERSION = YES;
				GCC_WARN_ABOUT_RETURN_TYPE = YES_ERROR;
				GCC_WARN_UNDECLARED_SELECTOR = YES;
				GCC_WARN_UNINITIALIZED_AUTOS = YES_AGGRESSIVE;
				GCC_WARN_UNUSED_FUNCTION = YES;
				GCC_WARN_UNUSED_VARIABLE = YES;
				IPHONEOS_DEPLOYMENT_TARGET = 17.5;
				LOCALIZATION_PREFERS_STRING_CATALOGS = YES;
				MTL_ENABLE_DEBUG_INFO = INCLUDE_SOURCE;
				MTL_FAST_MATH = YES;
				ONLY_ACTIVE_ARCH = YES;
				SDKROOT = iphoneos;
				SWIFT_ACTIVE_COMPILATION_CONDITIONS = "DEBUG $(inherited)";
				SWIFT_OPTIMIZATION_LEVEL = "-Onone";
			};
			name = Debug;
		};
		F468EB692C3F782F00BC9766 /* Release */ = {
			isa = XCBuildConfiguration;
			buildSettings = {
				ALWAYS_SEARCH_USER_PATHS = NO;
				ASSETCATALOG_COMPILER_GENERATE_SWIFT_ASSET_SYMBOL_EXTENSIONS = YES;
				CLANG_ANALYZER_NONNULL = YES;
				CLANG_ANALYZER_NUMBER_OBJECT_CONVERSION = YES_AGGRESSIVE;
				CLANG_CXX_LANGUAGE_STANDARD = "gnu++20";
				CLANG_ENABLE_MODULES = YES;
				CLANG_ENABLE_OBJC_ARC = YES;
				CLANG_ENABLE_OBJC_WEAK = YES;
				CLANG_WARN_BLOCK_CAPTURE_AUTORELEASING = YES;
				CLANG_WARN_BOOL_CONVERSION = YES;
				CLANG_WARN_COMMA = YES;
				CLANG_WARN_CONSTANT_CONVERSION = YES;
				CLANG_WARN_DEPRECATED_OBJC_IMPLEMENTATIONS = YES;
				CLANG_WARN_DIRECT_OBJC_ISA_USAGE = YES_ERROR;
				CLANG_WARN_DOCUMENTATION_COMMENTS = YES;
				CLANG_WARN_EMPTY_BODY = YES;
				CLANG_WARN_ENUM_CONVERSION = YES;
				CLANG_WARN_INFINITE_RECURSION = YES;
				CLANG_WARN_INT_CONVERSION = YES;
				CLANG_WARN_NON_LITERAL_NULL_CONVERSION = YES;
				CLANG_WARN_OBJC_IMPLICIT_RETAIN_SELF = YES;
				CLANG_WARN_OBJC_LITERAL_CONVERSION = YES;
				CLANG_WARN_OBJC_ROOT_CLASS = YES_ERROR;
				CLANG_WARN_QUOTED_INCLUDE_IN_FRAMEWORK_HEADER = YES;
				CLANG_WARN_RANGE_LOOP_ANALYSIS = YES;
				CLANG_WARN_STRICT_PROTOTYPES = YES;
				CLANG_WARN_SUSPICIOUS_MOVE = YES;
				CLANG_WARN_UNGUARDED_AVAILABILITY = YES_AGGRESSIVE;
				CLANG_WARN_UNREACHABLE_CODE = YES;
				CLANG_WARN__DUPLICATE_METHOD_MATCH = YES;
				COPY_PHASE_STRIP = NO;
				DEBUG_INFORMATION_FORMAT = "dwarf-with-dsym";
				ENABLE_NS_ASSERTIONS = NO;
				ENABLE_STRICT_OBJC_MSGSEND = YES;
				ENABLE_USER_SCRIPT_SANDBOXING = YES;
				GCC_C_LANGUAGE_STANDARD = gnu17;
				GCC_NO_COMMON_BLOCKS = YES;
				GCC_WARN_64_TO_32_BIT_CONVERSION = YES;
				GCC_WARN_ABOUT_RETURN_TYPE = YES_ERROR;
				GCC_WARN_UNDECLARED_SELECTOR = YES;
				GCC_WARN_UNINITIALIZED_AUTOS = YES_AGGRESSIVE;
				GCC_WARN_UNUSED_FUNCTION = YES;
				GCC_WARN_UNUSED_VARIABLE = YES;
				IPHONEOS_DEPLOYMENT_TARGET = 17.5;
				LOCALIZATION_PREFERS_STRING_CATALOGS = YES;
				MTL_ENABLE_DEBUG_INFO = NO;
				MTL_FAST_MATH = YES;
				SDKROOT = iphoneos;
				SWIFT_COMPILATION_MODE = wholemodule;
				VALIDATE_PRODUCT = YES;
			};
			name = Release;
		};
		F468EB6B2C3F782F00BC9766 /* Debug */ = {
			isa = XCBuildConfiguration;
			buildSettings = {
				ASSETCATALOG_COMPILER_APPICON_NAME = AppIcon;
				ASSETCATALOG_COMPILER_GLOBAL_ACCENT_COLOR_NAME = AccentColor;
				CODE_SIGN_STYLE = Automatic;
				CURRENT_PROJECT_VERSION = 1;
				DEVELOPMENT_TEAM = 72GVCX2P2A;
				GENERATE_INFOPLIST_FILE = YES;
				INFOPLIST_FILE = MyPhoneBook/Info.plist;
				INFOPLIST_KEY_UIApplicationSupportsIndirectInputEvents = YES;
				INFOPLIST_KEY_UILaunchStoryboardName = LaunchScreen;
				INFOPLIST_KEY_UISupportedInterfaceOrientations_iPad = "UIInterfaceOrientationPortrait UIInterfaceOrientationPortraitUpsideDown UIInterfaceOrientationLandscapeLeft UIInterfaceOrientationLandscapeRight";
				INFOPLIST_KEY_UISupportedInterfaceOrientations_iPhone = "UIInterfaceOrientationPortrait UIInterfaceOrientationLandscapeLeft UIInterfaceOrientationLandscapeRight";
				LD_RUNPATH_SEARCH_PATHS = (
					"$(inherited)",
					"@executable_path/Frameworks",
				);
				MARKETING_VERSION = 1.0;
				PRODUCT_BUNDLE_IDENTIFIER = com.soojang.MyPhoneBook;
				PRODUCT_NAME = "$(TARGET_NAME)";
				SWIFT_EMIT_LOC_STRINGS = YES;
				SWIFT_VERSION = 5.0;
				TARGETED_DEVICE_FAMILY = "1,2";
			};
			name = Debug;
		};
		F468EB6C2C3F782F00BC9766 /* Release */ = {
			isa = XCBuildConfiguration;
			buildSettings = {
				ASSETCATALOG_COMPILER_APPICON_NAME = AppIcon;
				ASSETCATALOG_COMPILER_GLOBAL_ACCENT_COLOR_NAME = AccentColor;
				CODE_SIGN_STYLE = Automatic;
				CURRENT_PROJECT_VERSION = 1;
				DEVELOPMENT_TEAM = 72GVCX2P2A;
				GENERATE_INFOPLIST_FILE = YES;
				INFOPLIST_FILE = MyPhoneBook/Info.plist;
				INFOPLIST_KEY_UIApplicationSupportsIndirectInputEvents = YES;
				INFOPLIST_KEY_UILaunchStoryboardName = LaunchScreen;
				INFOPLIST_KEY_UISupportedInterfaceOrientations_iPad = "UIInterfaceOrientationPortrait UIInterfaceOrientationPortraitUpsideDown UIInterfaceOrientationLandscapeLeft UIInterfaceOrientationLandscapeRight";
				INFOPLIST_KEY_UISupportedInterfaceOrientations_iPhone = "UIInterfaceOrientationPortrait UIInterfaceOrientationLandscapeLeft UIInterfaceOrientationLandscapeRight";
				LD_RUNPATH_SEARCH_PATHS = (
					"$(inherited)",
					"@executable_path/Frameworks",
				);
				MARKETING_VERSION = 1.0;
				PRODUCT_BUNDLE_IDENTIFIER = com.soojang.MyPhoneBook;
				PRODUCT_NAME = "$(TARGET_NAME)";
				SWIFT_EMIT_LOC_STRINGS = YES;
				SWIFT_VERSION = 5.0;
				TARGETED_DEVICE_FAMILY = "1,2";
			};
			name = Release;
		};
/* End XCBuildConfiguration section */

/* Begin XCConfigurationList section */
		F468EB4E2C3F782C00BC9766 /* Build configuration list for PBXProject "MyPhoneBook" */ = {
			isa = XCConfigurationList;
			buildConfigurations = (
				F468EB682C3F782F00BC9766 /* Debug */,
				F468EB692C3F782F00BC9766 /* Release */,
			);
			defaultConfigurationIsVisible = 0;
			defaultConfigurationName = Release;
		};
		F468EB6A2C3F782F00BC9766 /* Build configuration list for PBXNativeTarget "MyPhoneBook" */ = {
			isa = XCConfigurationList;
			buildConfigurations = (
				F468EB6B2C3F782F00BC9766 /* Debug */,
				F468EB6C2C3F782F00BC9766 /* Release */,
			);
			defaultConfigurationIsVisible = 0;
			defaultConfigurationName = Release;
		};
/* End XCConfigurationList section */

/* Begin XCRemoteSwiftPackageReference section */
		F468EB762C3F7D8800BC9766 /* XCRemoteSwiftPackageReference "SnapKit" */ = {
			isa = XCRemoteSwiftPackageReference;
			repositoryURL = "https://github.com/SnapKit/SnapKit.git";
			requirement = {
				kind = upToNextMajorVersion;
				minimumVersion = 5.7.1;
			};
		};
		F468EB872C44BCAE00BC9766 /* XCRemoteSwiftPackageReference "Alamofire" */ = {
			isa = XCRemoteSwiftPackageReference;
			repositoryURL = "https://github.com/Alamofire/Alamofire.git";
			requirement = {
				kind = upToNextMajorVersion;
				minimumVersion = 5.9.1;
			};
		};
		F468EB8C2C450EAF00BC9766 /* XCRemoteSwiftPackageReference "RxSwift" */ = {
			isa = XCRemoteSwiftPackageReference;
			repositoryURL = "https://github.com/ReactiveX/RxSwift.git";
			requirement = {
				kind = upToNextMajorVersion;
				minimumVersion = 6.7.1;
			};
		};
/* End XCRemoteSwiftPackageReference section */

/* Begin XCSwiftPackageProductDependency section */
		F468EB772C3F7D8800BC9766 /* SnapKit */ = {
			isa = XCSwiftPackageProductDependency;
			package = F468EB762C3F7D8800BC9766 /* XCRemoteSwiftPackageReference "SnapKit" */;
			productName = SnapKit;
		};
		F468EB882C44BCAF00BC9766 /* Alamofire */ = {
			isa = XCSwiftPackageProductDependency;
			package = F468EB872C44BCAE00BC9766 /* XCRemoteSwiftPackageReference "Alamofire" */;
			productName = Alamofire;
		};
		F468EB8E2C450F4900BC9766 /* RxSwift */ = {
			isa = XCSwiftPackageProductDependency;
			package = F468EB8C2C450EAF00BC9766 /* XCRemoteSwiftPackageReference "RxSwift" */;
			productName = RxSwift;
		};
		F468EB902C450F4D00BC9766 /* RxCocoa */ = {
			isa = XCSwiftPackageProductDependency;
			package = F468EB8C2C450EAF00BC9766 /* XCRemoteSwiftPackageReference "RxSwift" */;
			productName = RxCocoa;
		};
/* End XCSwiftPackageProductDependency section */

/* Begin XCVersionGroup section */
		F468EB5F2C3F782C00BC9766 /* MyPhoneBook.xcdatamodeld */ = {
			isa = XCVersionGroup;
			children = (
				F468EB602C3F782C00BC9766 /* MyPhoneBook.xcdatamodel */,
			);
			currentVersion = F468EB602C3F782C00BC9766 /* MyPhoneBook.xcdatamodel */;
			path = MyPhoneBook.xcdatamodeld;
			sourceTree = "<group>";
			versionGroupType = wrapper.xcdatamodel;
		};
/* End XCVersionGroup section */
	};
	rootObject = F468EB4B2C3F782C00BC9766 /* Project object */;
}
